
Microsoft Visual Studio Solution File, Format Version 12.00
# Visual Studio Version 16
VisualStudioVersion = 16.0.29521.150
MinimumVisualStudioVersion = 15.0.26124.0
Project("{FAE04EC0-301F-11D3-BF4B-00C04F79EFBC}") = "NativeLibNugetStuff.Consumer", "NativeLibNugetStuff.Consumer\NativeLibNugetStuff.Consumer.csproj", "{18EF0788-2D67-446D-8898-41E4E8A51291}"
EndProject
Project("{FAE04EC0-301F-11D3-BF4B-00C04F79EFBC}") = "NativeLibNugetStuff.Lib", "NativeLibNugetStuff.Lib\NativeLibNugetStuff.Lib.csproj", "{A35640AE-1C19-43A1-8C60-357FECC68D8F}"
EndProject
Project("{FAE04EC0-301F-11D3-BF4B-00C04F79EFBC}") = "NativeLibNugetStuff.Wrapper", "NativeLibNugetStuff.Wrapper\NativeLibNugetStuff.Wrapper.csproj", "{D5EE0600-37D8-4788-B32B-70754C3A0638}"
EndProject
Global
	GlobalSection(SolutionConfigurationPlatforms) = preSolution
		Debug|Any CPU = Debug|Any CPU
		Debug|x64 = Debug|x64
		Debug|x86 = Debug|x86
		Release|Any CPU = Release|Any CPU
		Release|x64 = Release|x64
		Release|x86 = Release|x86
	EndGlobalSection
	GlobalSection(SolutionProperties) = preSolution
		HideSolutionNode = FALSE
	EndGlobalSection
	GlobalSection(ProjectConfigurationPlatforms) = postSolution
		{18EF0788-2D67-446D-8898-41E4E8A51291}.Debug|Any CPU.ActiveCfg = Debug|Any CPU
		{18EF0788-2D67-446D-8898-41E4E8A51291}.Debug|Any CPU.Build.0 = Debug|Any CPU
		{18EF0788-2D67-446D-8898-41E4E8A51291}.Debug|x64.ActiveCfg = Debug|Any CPU
		{18EF0788-2D67-446D-8898-41E4E8A51291}.Debug|x64.Build.0 = Debug|Any CPU
		{18EF0788-2D67-446D-8898-41E4E8A51291}.Debug|x86.ActiveCfg = Debug|Any CPU
		{18EF0788-2D67-446D-8898-41E4E8A51291}.Debug|x86.Build.0 = Debug|Any CPU
		{18EF0788-2D67-446D-8898-41E4E8A51291}.Release|Any CPU.ActiveCfg = Release|Any CPU
		{18EF0788-2D67-446D-8898-41E4E8A51291}.Release|Any CPU.Build.0 = Release|Any CPU
		{18EF0788-2D67-446D-8898-41E4E8A51291}.Release|x64.ActiveCfg = Release|Any CPU
		{18EF0788-2D67-446D-8898-41E4E8A51291}.Release|x64.Build.0 = Release|Any CPU
		{18EF0788-2D67-446D-8898-41E4E8A51291}.Release|x86.ActiveCfg = Release|Any CPU
		{18EF0788-2D67-446D-8898-41E4E8A51291}.Release|x86.Build.0 = Release|Any CPU
		{A35640AE-1C19-43A1-8C60-357FECC68D8F}.Debug|Any CPU.ActiveCfg = Debug|Any CPU
		{A35640AE-1C19-43A1-8C60-357FECC68D8F}.Debug|Any CPU.Build.0 = Debug|Any CPU
		{A35640AE-1C19-43A1-8C60-357FECC68D8F}.Debug|x64.ActiveCfg = Debug|Any CPU
		{A35640AE-1C19-43A1-8C60-357FECC68D8F}.Debug|x64.Build.0 = Debug|Any CPU
		{A35640AE-1C19-43A1-8C60-357FECC68D8F}.Debug|x86.ActiveCfg = Debug|Any CPU
		{A35640AE-1C19-43A1-8C60-357FECC68D8F}.Debug|x86.Build.0 = Debug|Any CPU
		{A35640AE-1C19-43A1-8C60-357FECC68D8F}.Release|Any CPU.ActiveCfg = Release|Any CPU
		{A35640AE-1C19-43A1-8C60-357FECC68D8F}.Release|Any CPU.Build.0 = Release|Any CPU
		{A35640AE-1C19-43A1-8C60-357FECC68D8F}.Release|x64.ActiveCfg = Release|Any CPU
		{A35640AE-1C19-43A1-8C60-357FECC68D8F}.Release|x64.Build.0 = Release|Any CPU
		{A35640AE-1C19-43A1-8C60-357FECC68D8F}.Release|x86.ActiveCfg = Release|Any CPU
		{A35640AE-1C19-43A1-8C60-357FECC68D8F}.Release|x86.Build.0 = Release|Any CPU
		{D5EE0600-37D8-4788-B32B-70754C3A0638}.Debug|Any CPU.ActiveCfg = Debug|Any CPU
		{D5EE0600-37D8-4788-B32B-70754C3A0638}.Debug|Any CPU.Build.0 = Debug|Any CPU
		{D5EE0600-37D8-4788-B32B-70754C3A0638}.Debug|x64.ActiveCfg = Debug|Any CPU
		{D5EE0600-37D8-4788-B32B-70754C3A0638}.Debug|x64.Build.0 = Debug|Any CPU
		{D5EE0600-37D8-4788-B32B-70754C3A0638}.Debug|x86.ActiveCfg = Debug|Any CPU
		{D5EE0600-37D8-4788-B32B-70754C3A0638}.Debug|x86.Build.0 = Debug|Any CPU
		{D5EE0600-37D8-4788-B32B-70754C3A0638}.Release|Any CPU.ActiveCfg = Release|Any CPU
		{D5EE0600-37D8-4788-B32B-70754C3A0638}.Release|Any CPU.Build.0 = Release|Any CPU
		{D5EE0600-37D8-4788-B32B-70754C3A0638}.Release|x64.ActiveCfg = Release|Any CPU
		{D5EE0600-37D8-4788-B32B-70754C3A0638}.Release|x64.Build.0 = Release|Any CPU
		{D5EE0600-37D8-4788-B32B-70754C3A0638}.Release|x86.ActiveCfg = Release|Any CPU
		{D5EE0600-37D8-4788-B32B-70754C3A0638}.Release|x86.Build.0 = Release|Any CPU
	EndGlobalSection
EndGlobal
